// !$*UTF8*$!
{
	archiveVersion = 1;
	classes = {
	};
	objectVersion = 50;
	objects = {

/* Begin PBXBuildFile section */
		149975EF21CE8A2C00B72A49 /* Magic.framework in Frameworks */ = {isa = PBXBuildFile; fileRef = 149975E521CE8A2C00B72A49 /* Magic.framework */; };
		149975F421CE8A2C00B72A49 /* MagicTests.swift in Sources */ = {isa = PBXBuildFile; fileRef = 149975F321CE8A2C00B72A49 /* MagicTests.swift */; };
		149975F621CE8A2C00B72A49 /* Magic.h in Headers */ = {isa = PBXBuildFile; fileRef = 149975E821CE8A2C00B72A49 /* Magic.h */; settings = {ATTRIBUTES = (Public, ); }; };
		1499760021CE8A6400B72A49 /* Magic.swift in Sources */ = {isa = PBXBuildFile; fileRef = 149975FF21CE8A6400B72A49 /* Magic.swift */; };
		14D2ED2321CFE3A100693940 /* magic.h in CopyFiles */ = {isa = PBXBuildFile; fileRef = 14D2ED1A21CFE38B00693940 /* magic.h */; };
		14D2ED2421CFE3A700693940 /* magic.mgc in Resources */ = {isa = PBXBuildFile; fileRef = 14D2ED2221CFE38B00693940 /* magic.mgc */; };
/* End PBXBuildFile section */

/* Begin PBXContainerItemProxy section */
		149975F021CE8A2C00B72A49 /* PBXContainerItemProxy */ = {
			isa = PBXContainerItemProxy;
			containerPortal = 149975DC21CE8A2C00B72A49 /* Project object */;
			proxyType = 1;
			remoteGlobalIDString = 149975E421CE8A2C00B72A49;
			remoteInfo = Magic;
		};
/* End PBXContainerItemProxy section */

/* Begin PBXCopyFilesBuildPhase section */
		14D2EC6821CFC8DC00693940 /* CopyFiles */ = {
			isa = PBXCopyFilesBuildPhase;
			buildActionMask = 12;
			dstPath = include/magic;
			dstSubfolderSpec = 6;
			files = (
				14D2ED2321CFE3A100693940 /* magic.h in CopyFiles */,
			);
			runOnlyForDeploymentPostprocessing = 0;
		};
/* End PBXCopyFilesBuildPhase section */

/* Begin PBXFileReference section */
		149975E521CE8A2C00B72A49 /* Magic.framework */ = {isa = PBXFileReference; explicitFileType = wrapper.framework; includeInIndex = 0; path = Magic.framework; sourceTree = BUILT_PRODUCTS_DIR; };
		149975E821CE8A2C00B72A49 /* Magic.h */ = {isa = PBXFileReference; lastKnownFileType = sourcecode.c.h; path = Magic.h; sourceTree = "<group>"; };
		149975E921CE8A2C00B72A49 /* Info.plist */ = {isa = PBXFileReference; lastKnownFileType = text.plist.xml; path = Info.plist; sourceTree = "<group>"; };
		149975EE21CE8A2C00B72A49 /* MagicTests.xctest */ = {isa = PBXFileReference; explicitFileType = wrapper.cfbundle; includeInIndex = 0; path = MagicTests.xctest; sourceTree = BUILT_PRODUCTS_DIR; };
		149975F321CE8A2C00B72A49 /* MagicTests.swift */ = {isa = PBXFileReference; lastKnownFileType = sourcecode.swift; path = MagicTests.swift; sourceTree = "<group>"; };
		149975F521CE8A2C00B72A49 /* Info.plist */ = {isa = PBXFileReference; lastKnownFileType = text.plist.xml; path = Info.plist; sourceTree = "<group>"; };
		149975FF21CE8A6400B72A49 /* Magic.swift */ = {isa = PBXFileReference; lastKnownFileType = sourcecode.swift; path = Magic.swift; sourceTree = "<group>"; };
		14C397F721CEB01200E6236D /* Magic.xcconfig */ = {isa = PBXFileReference; lastKnownFileType = text.xcconfig; path = Magic.xcconfig; sourceTree = "<group>"; };
		14C397F821CEB04D00E6236D /* Debug.xcconfig */ = {isa = PBXFileReference; lastKnownFileType = text.xcconfig; path = Debug.xcconfig; sourceTree = "<group>"; };
		14C397F921CEB05700E6236D /* Release.xcconfig */ = {isa = PBXFileReference; lastKnownFileType = text.xcconfig; path = Release.xcconfig; sourceTree = "<group>"; };
		14C397FC21CEB36500E6236D /* MagicTests.xcconfig */ = {isa = PBXFileReference; lastKnownFileType = text.xcconfig; path = MagicTests.xcconfig; sourceTree = "<group>"; };
		14D2ED1A21CFE38B00693940 /* magic.h */ = {isa = PBXFileReference; lastKnownFileType = sourcecode.c.h; path = magic.h; sourceTree = "<group>"; };
		14D2ED1E21CFE38B00693940 /* libmagic.a */ = {isa = PBXFileReference; lastKnownFileType = archive.ar; path = libmagic.a; sourceTree = "<group>"; };
		14D2ED2221CFE38B00693940 /* magic.mgc */ = {isa = PBXFileReference; lastKnownFileType = file; path = magic.mgc; sourceTree = "<group>"; };
/* End PBXFileReference section */

/* Begin PBXFrameworksBuildPhase section */
		149975E221CE8A2C00B72A49 /* Frameworks */ = {
			isa = PBXFrameworksBuildPhase;
			buildActionMask = 2147483647;
			files = (
			);
			runOnlyForDeploymentPostprocessing = 0;
		};
		149975EB21CE8A2C00B72A49 /* Frameworks */ = {
			isa = PBXFrameworksBuildPhase;
			buildActionMask = 2147483647;
			files = (
				149975EF21CE8A2C00B72A49 /* Magic.framework in Frameworks */,
			);
			runOnlyForDeploymentPostprocessing = 0;
		};
/* End PBXFrameworksBuildPhase section */

/* Begin PBXGroup section */
		149975DB21CE8A2C00B72A49 = {
			isa = PBXGroup;
			children = (
				149975E721CE8A2C00B72A49 /* Magic */,
				149975F221CE8A2C00B72A49 /* MagicTests */,
				14C397FB21CEB07C00E6236D /* Configurations */,
				14D2ED1721CFE38B00693940 /* Vendor */,
				149975E621CE8A2C00B72A49 /* Products */,
			);
			sourceTree = "<group>";
		};
		149975E621CE8A2C00B72A49 /* Products */ = {
			isa = PBXGroup;
			children = (
				149975E521CE8A2C00B72A49 /* Magic.framework */,
				149975EE21CE8A2C00B72A49 /* MagicTests.xctest */,
			);
			name = Products;
			sourceTree = "<group>";
		};
		149975E721CE8A2C00B72A49 /* Magic */ = {
			isa = PBXGroup;
			children = (
				149975E821CE8A2C00B72A49 /* Magic.h */,
				149975FF21CE8A6400B72A49 /* Magic.swift */,
				149975E921CE8A2C00B72A49 /* Info.plist */,
			);
			path = Magic;
			sourceTree = "<group>";
		};
		149975F221CE8A2C00B72A49 /* MagicTests */ = {
			isa = PBXGroup;
			children = (
				149975F321CE8A2C00B72A49 /* MagicTests.swift */,
				149975F521CE8A2C00B72A49 /* Info.plist */,
			);
			path = MagicTests;
			sourceTree = "<group>";
		};
		14C397FB21CEB07C00E6236D /* Configurations */ = {
			isa = PBXGroup;
			children = (
				14C397F821CEB04D00E6236D /* Debug.xcconfig */,
				14C397F921CEB05700E6236D /* Release.xcconfig */,
				14C397F721CEB01200E6236D /* Magic.xcconfig */,
				14C397FC21CEB36500E6236D /* MagicTests.xcconfig */,
			);
			path = Configurations;
			sourceTree = "<group>";
		};
		14D2ED1721CFE38B00693940 /* Vendor */ = {
			isa = PBXGroup;
			children = (
				14D2ED1821CFE38B00693940 /* magic */,
			);
			path = Vendor;
			sourceTree = "<group>";
		};
		14D2ED1821CFE38B00693940 /* magic */ = {
			isa = PBXGroup;
			children = (
				14D2ED1921CFE38B00693940 /* include */,
				14D2ED1C21CFE38B00693940 /* lib */,
				14D2ED1F21CFE38B00693940 /* share */,
			);
			path = magic;
			sourceTree = "<group>";
		};
		14D2ED1921CFE38B00693940 /* include */ = {
			isa = PBXGroup;
			children = (
				14D2ED1A21CFE38B00693940 /* magic.h */,
			);
			path = include;
			sourceTree = "<group>";
		};
		14D2ED1C21CFE38B00693940 /* lib */ = {
			isa = PBXGroup;
			children = (
				14D2ED1E21CFE38B00693940 /* libmagic.a */,
			);
			path = lib;
			sourceTree = "<group>";
		};
		14D2ED1F21CFE38B00693940 /* share */ = {
			isa = PBXGroup;
			children = (
				14D2ED2021CFE38B00693940 /* misc */,
			);
			path = share;
			sourceTree = "<group>";
		};
		14D2ED2021CFE38B00693940 /* misc */ = {
			isa = PBXGroup;
			children = (
				14D2ED2221CFE38B00693940 /* magic.mgc */,
			);
			path = misc;
			sourceTree = "<group>";
		};
/* End PBXGroup section */

/* Begin PBXHeadersBuildPhase section */
		149975E021CE8A2C00B72A49 /* Headers */ = {
			isa = PBXHeadersBuildPhase;
			buildActionMask = 2147483647;
			files = (
				149975F621CE8A2C00B72A49 /* Magic.h in Headers */,
			);
			runOnlyForDeploymentPostprocessing = 0;
		};
/* End PBXHeadersBuildPhase section */

/* Begin PBXNativeTarget section */
		149975E421CE8A2C00B72A49 /* Magic */ = {
			isa = PBXNativeTarget;
			buildConfigurationList = 149975F921CE8A2C00B72A49 /* Build configuration list for PBXNativeTarget "Magic" */;
			buildPhases = (
				149975E021CE8A2C00B72A49 /* Headers */,
				14D2EC6821CFC8DC00693940 /* CopyFiles */,
				149975E121CE8A2C00B72A49 /* Sources */,
				149975E221CE8A2C00B72A49 /* Frameworks */,
				149975E321CE8A2C00B72A49 /* Resources */,
			);
			buildRules = (
			);
			dependencies = (
			);
			name = Magic;
			productName = Magic;
			productReference = 149975E521CE8A2C00B72A49 /* Magic.framework */;
			productType = "com.apple.product-type.framework";
		};
		149975ED21CE8A2C00B72A49 /* MagicTests */ = {
			isa = PBXNativeTarget;
			buildConfigurationList = 149975FC21CE8A2C00B72A49 /* Build configuration list for PBXNativeTarget "MagicTests" */;
			buildPhases = (
				149975EA21CE8A2C00B72A49 /* Sources */,
				149975EB21CE8A2C00B72A49 /* Frameworks */,
				149975EC21CE8A2C00B72A49 /* Resources */,
			);
			buildRules = (
			);
			dependencies = (
				149975F121CE8A2C00B72A49 /* PBXTargetDependency */,
			);
			name = MagicTests;
			productName = MagicTests;
			productReference = 149975EE21CE8A2C00B72A49 /* MagicTests.xctest */;
			productType = "com.apple.product-type.bundle.unit-test";
		};
/* End PBXNativeTarget section */

/* Begin PBXProject section */
		149975DC21CE8A2C00B72A49 /* Project object */ = {
			isa = PBXProject;
			attributes = {
				LastSwiftUpdateCheck = 1000;
				LastUpgradeCheck = 1000;
				ORGANIZATIONNAME = "Kishikawa Katsumi";
				TargetAttributes = {
					149975E421CE8A2C00B72A49 = {
						CreatedOnToolsVersion = 10.0;
						LastSwiftMigration = 1000;
					};
					149975ED21CE8A2C00B72A49 = {
						CreatedOnToolsVersion = 10.0;
					};
				};
			};
			buildConfigurationList = 149975DF21CE8A2C00B72A49 /* Build configuration list for PBXProject "Magic" */;
			compatibilityVersion = "Xcode 9.3";
			developmentRegion = en;
			hasScannedForEncodings = 0;
			knownRegions = (
				en,
			);
			mainGroup = 149975DB21CE8A2C00B72A49;
			productRefGroup = 149975E621CE8A2C00B72A49 /* Products */;
			projectDirPath = "";
			projectRoot = "";
			targets = (
				149975E421CE8A2C00B72A49 /* Magic */,
				149975ED21CE8A2C00B72A49 /* MagicTests */,
			);
		};
/* End PBXProject section */

/* Begin PBXResourcesBuildPhase section */
		149975E321CE8A2C00B72A49 /* Resources */ = {
			isa = PBXResourcesBuildPhase;
			buildActionMask = 2147483647;
			files = (
				14D2ED2421CFE3A700693940 /* magic.mgc in Resources */,
			);
			runOnlyForDeploymentPostprocessing = 0;
		};
		149975EC21CE8A2C00B72A49 /* Resources */ = {
			isa = PBXResourcesBuildPhase;
			buildActionMask = 2147483647;
			files = (
			);
			runOnlyForDeploymentPostprocessing = 0;
		};
/* End PBXResourcesBuildPhase section */

/* Begin PBXSourcesBuildPhase section */
		149975E121CE8A2C00B72A49 /* Sources */ = {
			isa = PBXSourcesBuildPhase;
			buildActionMask = 2147483647;
			files = (
				1499760021CE8A6400B72A49 /* Magic.swift in Sources */,
			);
			runOnlyForDeploymentPostprocessing = 0;
		};
		149975EA21CE8A2C00B72A49 /* Sources */ = {
			isa = PBXSourcesBuildPhase;
			buildActionMask = 2147483647;
			files = (
				149975F421CE8A2C00B72A49 /* MagicTests.swift in Sources */,
			);
			runOnlyForDeploymentPostprocessing = 0;
		};
/* End PBXSourcesBuildPhase section */

/* Begin PBXTargetDependency section */
		149975F121CE8A2C00B72A49 /* PBXTargetDependency */ = {
			isa = PBXTargetDependency;
			target = 149975E421CE8A2C00B72A49 /* Magic */;
			targetProxy = 149975F021CE8A2C00B72A49 /* PBXContainerItemProxy */;
		};
/* End PBXTargetDependency section */

/* Begin XCBuildConfiguration section */
		149975F721CE8A2C00B72A49 /* Debug */ = {
			isa = XCBuildConfiguration;
			baseConfigurationReference = 14C397F821CEB04D00E6236D /* Debug.xcconfig */;
			buildSettings = {
			};
			name = Debug;
		};
		149975F821CE8A2C00B72A49 /* Release */ = {
			isa = XCBuildConfiguration;
			baseConfigurationReference = 14C397F921CEB05700E6236D /* Release.xcconfig */;
			buildSettings = {
			};
			name = Release;
		};
		149975FA21CE8A2C00B72A49 /* Debug */ = {
			isa = XCBuildConfiguration;
			baseConfigurationReference = 14C397F721CEB01200E6236D /* Magic.xcconfig */;
			buildSettings = {
			};
			name = Debug;
		};
		149975FB21CE8A2C00B72A49 /* Release */ = {
			isa = XCBuildConfiguration;
			baseConfigurationReference = 14C397F721CEB01200E6236D /* Magic.xcconfig */;
			buildSettings = {
			};
			name = Release;
		};
		149975FD21CE8A2C00B72A49 /* Debug */ = {
			isa = XCBuildConfiguration;
			baseConfigurationReference = 14C397FC21CEB36500E6236D /* MagicTests.xcconfig */;
			buildSettings = {
			};
			name = Debug;
		};
		149975FE21CE8A2C00B72A49 /* Release */ = {
			isa = XCBuildConfiguration;
			baseConfigurationReference = 14C397FC21CEB36500E6236D /* MagicTests.xcconfig */;
			buildSettings = {
			};
			name = Release;
		};
/* End XCBuildConfiguration section */

/* Begin XCConfigurationList section */
		149975DF21CE8A2C00B72A49 /* Build configuration list for PBXProject "Magic" */ = {
			isa = XCConfigurationList;
			buildConfigurations = (
				149975F721CE8A2C00B72A49 /* Debug */,
				149975F821CE8A2C00B72A49 /* Release */,
			);
			defaultConfigurationIsVisible = 0;
			defaultConfigurationName = Release;
		};
		149975F921CE8A2C00B72A49 /* Build configuration list for PBXNativeTarget "Magic" */ = {
			isa = XCConfigurationList;
			buildConfigurations = (
				149975FA21CE8A2C00B72A49 /* Debug */,
				149975FB21CE8A2C00B72A49 /* Release */,
			);
			defaultConfigurationIsVisible = 0;
			defaultConfigurationName = Release;
		};
		149975FC21CE8A2C00B72A49 /* Build configuration list for PBXNativeTarget "MagicTests" */ = {
			isa = XCConfigurationList;
			buildConfigurations = (
				149975FD21CE8A2C00B72A49 /* Debug */,
				149975FE21CE8A2C00B72A49 /* Release */,
			);
			defaultConfigurationIsVisible = 0;
			defaultConfigurationName = Release;
		};
/* End XCConfigurationList section */
	};
	rootObject = 149975DC21CE8A2C00B72A49 /* Project object */;
}
